
Microsoft Visual Studio Solution File, Format Version 12.00
# Visual Studio Version 16
VisualStudioVersion = 16.0.29613.14
MinimumVisualStudioVersion = 10.0.40219.1
Project("{FAE04EC0-301F-11D3-BF4B-00C04F79EFBC}") = "Addition_task", "Addition_task\Addition_task.csproj", "{26538C00-8A4C-462B-B67E-723D30586DCA}"
EndProject
Project("{FAE04EC0-301F-11D3-BF4B-00C04F79EFBC}") = "Task_2", "Task_2\Task_2.csproj", "{F91DD07B-713D-412D-95E0-DF61F1B73D46}"
EndProject
Project("{FAE04EC0-301F-11D3-BF4B-00C04F79EFBC}") = "Task_3", "Task_3\Task_3.csproj", "{277D7622-E999-437B-9E16-67B744B7949C}"
EndProject
Project("{FAE04EC0-301F-11D3-BF4B-00C04F79EFBC}") = "Task_4", "Task_4\Task_4.csproj", "{977C2B61-C809-45E2-9890-01BF692AFB5D}"
EndProject
Global
	GlobalSection(SolutionConfigurationPlatforms) = preSolution
		Debug|Any CPU = Debug|Any CPU
		Release|Any CPU = Release|Any CPU
	EndGlobalSection
	GlobalSection(ProjectConfigurationPlatforms) = postSolution
		{26538C00-8A4C-462B-B67E-723D30586DCA}.Debug|Any CPU.ActiveCfg = Debug|Any CPU
		{26538C00-8A4C-462B-B67E-723D30586DCA}.Debug|Any CPU.Build.0 = Debug|Any CPU
		{26538C00-8A4C-462B-B67E-723D30586DCA}.Release|Any CPU.ActiveCfg = Release|Any CPU
		{26538C00-8A4C-462B-B67E-723D30586DCA}.Release|Any CPU.Build.0 = Release|Any CPU
		{F91DD07B-713D-412D-95E0-DF61F1B73D46}.Debug|Any CPU.ActiveCfg = Debug|Any CPU
		{F91DD07B-713D-412D-95E0-DF61F1B73D46}.Debug|Any CPU.Build.0 = Debug|Any CPU
		{F91DD07B-713D-412D-95E0-DF61F1B73D46}.Release|Any CPU.ActiveCfg = Release|Any CPU
		{F91DD07B-713D-412D-95E0-DF61F1B73D46}.Release|Any CPU.Build.0 = Release|Any CPU
		{277D7622-E999-437B-9E16-67B744B7949C}.Debug|Any CPU.ActiveCfg = Debug|Any CPU
		{277D7622-E999-437B-9E16-67B744B7949C}.Debug|Any CPU.Build.0 = Debug|Any CPU
		{277D7622-E999-437B-9E16-67B744B7949C}.Release|Any CPU.ActiveCfg = Release|Any CPU
		{277D7622-E999-437B-9E16-67B744B7949C}.Release|Any CPU.Build.0 = Release|Any CPU
		{977C2B61-C809-45E2-9890-01BF692AFB5D}.Debug|Any CPU.ActiveCfg = Debug|Any CPU
		{977C2B61-C809-45E2-9890-01BF692AFB5D}.Debug|Any CPU.Build.0 = Debug|Any CPU
		{977C2B61-C809-45E2-9890-01BF692AFB5D}.Release|Any CPU.ActiveCfg = Release|Any CPU
		{977C2B61-C809-45E2-9890-01BF692AFB5D}.Release|Any CPU.Build.0 = Release|Any CPU
	EndGlobalSection
	GlobalSection(SolutionProperties) = preSolution
		HideSolutionNode = FALSE
	EndGlobalSection
	GlobalSection(ExtensibilityGlobals) = postSolution
		SolutionGuid = {98E7143E-1C87-49F7-80AA-776E1803C3F5}
	EndGlobalSection
EndGlobal
